
Microsoft Visual Studio Solution File, Format Version 12.00
# Visual Studio Version 17
VisualStudioVersion = 17.1.32228.430
MinimumVisualStudioVersion = 10.0.40219.1
Project("{9A19103F-16F7-4668-BE54-9A1E7A4F7556}") = "UsingRequiredAttributes", "UsingRequiredAttributes\UsingRequiredAttributes.csproj", "{187E978B-1F1A-4282-BB70-14B6611EC8C9}"
EndProject
Project("{9A19103F-16F7-4668-BE54-9A1E7A4F7556}") = "UsingMocks", "UsingMocks\UsingMocks.csproj", "{200EB5D4-058A-42BB-896B-0854F8E113CE}"
EndProject
Project("{9A19103F-16F7-4668-BE54-9A1E7A4F7556}") = "PreventingAsyncVoidCrashes", "PreventingAsyncVoidCrashes\PreventingAsyncVoidCrashes.csproj", "{6BE61AEA-56BD-4974-891A-A58470B0B12E}"
EndProject
Project("{9A19103F-16F7-4668-BE54-9A1E7A4F7556}") = "WebApi", "WebApi\WebApi.csproj", "{67DF31C9-C7F2-47DF-AF0B-937117454E2C}"
EndProject
Global
	GlobalSection(SolutionConfigurationPlatforms) = preSolution
		Debug|Any CPU = Debug|Any CPU
		Release|Any CPU = Release|Any CPU
	EndGlobalSection
	GlobalSection(ProjectConfigurationPlatforms) = postSolution
		{187E978B-1F1A-4282-BB70-14B6611EC8C9}.Debug|Any CPU.ActiveCfg = Debug|Any CPU
		{187E978B-1F1A-4282-BB70-14B6611EC8C9}.Debug|Any CPU.Build.0 = Debug|Any CPU
		{187E978B-1F1A-4282-BB70-14B6611EC8C9}.Release|Any CPU.ActiveCfg = Release|Any CPU
		{187E978B-1F1A-4282-BB70-14B6611EC8C9}.Release|Any CPU.Build.0 = Release|Any CPU
		{200EB5D4-058A-42BB-896B-0854F8E113CE}.Debug|Any CPU.ActiveCfg = Debug|Any CPU
		{200EB5D4-058A-42BB-896B-0854F8E113CE}.Debug|Any CPU.Build.0 = Debug|Any CPU
		{200EB5D4-058A-42BB-896B-0854F8E113CE}.Release|Any CPU.ActiveCfg = Release|Any CPU
		{200EB5D4-058A-42BB-896B-0854F8E113CE}.Release|Any CPU.Build.0 = Release|Any CPU
		{6BE61AEA-56BD-4974-891A-A58470B0B12E}.Debug|Any CPU.ActiveCfg = Debug|Any CPU
		{6BE61AEA-56BD-4974-891A-A58470B0B12E}.Debug|Any CPU.Build.0 = Debug|Any CPU
		{6BE61AEA-56BD-4974-891A-A58470B0B12E}.Release|Any CPU.ActiveCfg = Release|Any CPU
		{6BE61AEA-56BD-4974-891A-A58470B0B12E}.Release|Any CPU.Build.0 = Release|Any CPU
		{67DF31C9-C7F2-47DF-AF0B-937117454E2C}.Debug|Any CPU.ActiveCfg = Debug|Any CPU
		{67DF31C9-C7F2-47DF-AF0B-937117454E2C}.Debug|Any CPU.Build.0 = Debug|Any CPU
		{67DF31C9-C7F2-47DF-AF0B-937117454E2C}.Release|Any CPU.ActiveCfg = Release|Any CPU
		{67DF31C9-C7F2-47DF-AF0B-937117454E2C}.Release|Any CPU.Build.0 = Release|Any CPU
	EndGlobalSection
	GlobalSection(SolutionProperties) = preSolution
		HideSolutionNode = FALSE
	EndGlobalSection
	GlobalSection(ExtensibilityGlobals) = postSolution
		SolutionGuid = {F8FD6765-08F6-4526-AA36-E283D1607824}
	EndGlobalSection
EndGlobal
